// !$*UTF8*$!
{
	archiveVersion = 1;
	classes = {
	};
	objectVersion = 56;
	objects = {

/* Begin PBXBuildFile section */
		6A2667162C0EB8680049D20A /* EditViewController.swift in Sources */ = {isa = PBXBuildFile; fileRef = 6A2667152C0EB8680049D20A /* EditViewController.swift */; };
		6AF503C22C0D6BA4008C5973 /* AppDelegate.swift in Sources */ = {isa = PBXBuildFile; fileRef = 6AF503C12C0D6BA4008C5973 /* AppDelegate.swift */; };
		6AF503C42C0D6BA4008C5973 /* SceneDelegate.swift in Sources */ = {isa = PBXBuildFile; fileRef = 6AF503C32C0D6BA4008C5973 /* SceneDelegate.swift */; };
		6AF503C62C0D6BA4008C5973 /* ViewController.swift in Sources */ = {isa = PBXBuildFile; fileRef = 6AF503C52C0D6BA4008C5973 /* ViewController.swift */; };
		6AF503C92C0D6BA4008C5973 /* Base in Resources */ = {isa = PBXBuildFile; fileRef = 6AF503C82C0D6BA4008C5973 /* Base */; };
		6AF503CB2C0D6BA6008C5973 /* Assets.xcassets in Resources */ = {isa = PBXBuildFile; fileRef = 6AF503CA2C0D6BA6008C5973 /* Assets.xcassets */; };
		6AF503CE2C0D6BA6008C5973 /* Base in Resources */ = {isa = PBXBuildFile; fileRef = 6AF503CD2C0D6BA6008C5973 /* Base */; };
		6AF503D62C0D7C09008C5973 /* TodoList.swift in Sources */ = {isa = PBXBuildFile; fileRef = 6AF503D52C0D7C09008C5973 /* TodoList.swift */; };
		6AF503D82C0D7D73008C5973 /* CustomCell.swift in Sources */ = {isa = PBXBuildFile; fileRef = 6AF503D72C0D7D73008C5973 /* CustomCell.swift */; };
		6AF503E02C0DC825008C5973 /* AddViewController.swift in Sources */ = {isa = PBXBuildFile; fileRef = 6AF503DF2C0DC825008C5973 /* AddViewController.swift */; };
		6AF503E32C0DD048008C5973 /* IQKeyboardManagerSwift in Frameworks */ = {isa = PBXBuildFile; productRef = 6AF503E22C0DD048008C5973 /* IQKeyboardManagerSwift */; };
/* End PBXBuildFile section */

/* Begin PBXFileReference section */
		6A2667152C0EB8680049D20A /* EditViewController.swift */ = {isa = PBXFileReference; lastKnownFileType = sourcecode.swift; path = EditViewController.swift; sourceTree = "<group>"; };
		6AF503BE2C0D6BA4008C5973 /* TODO-APP.app */ = {isa = PBXFileReference; explicitFileType = wrapper.application; includeInIndex = 0; path = "TODO-APP.app"; sourceTree = BUILT_PRODUCTS_DIR; };
		6AF503C12C0D6BA4008C5973 /* AppDelegate.swift */ = {isa = PBXFileReference; lastKnownFileType = sourcecode.swift; path = AppDelegate.swift; sourceTree = "<group>"; };
		6AF503C32C0D6BA4008C5973 /* SceneDelegate.swift */ = {isa = PBXFileReference; lastKnownFileType = sourcecode.swift; path = SceneDelegate.swift; sourceTree = "<group>"; };
		6AF503C52C0D6BA4008C5973 /* ViewController.swift */ = {isa = PBXFileReference; lastKnownFileType = sourcecode.swift; path = ViewController.swift; sourceTree = "<group>"; };
		6AF503C82C0D6BA4008C5973 /* Base */ = {isa = PBXFileReference; lastKnownFileType = file.storyboard; name = Base; path = Base.lproj/Main.storyboard; sourceTree = "<group>"; };
		6AF503CA2C0D6BA6008C5973 /* Assets.xcassets */ = {isa = PBXFileReference; lastKnownFileType = folder.assetcatalog; path = Assets.xcassets; sourceTree = "<group>"; };
		6AF503CD2C0D6BA6008C5973 /* Base */ = {isa = PBXFileReference; lastKnownFileType = file.storyboard; name = Base; path = Base.lproj/LaunchScreen.storyboard; sourceTree = "<group>"; };
		6AF503CF2C0D6BA6008C5973 /* Info.plist */ = {isa = PBXFileReference; lastKnownFileType = text.plist.xml; path = Info.plist; sourceTree = "<group>"; };
		6AF503D52C0D7C09008C5973 /* TodoList.swift */ = {isa = PBXFileReference; lastKnownFileType = sourcecode.swift; path = TodoList.swift; sourceTree = "<group>"; };
		6AF503D72C0D7D73008C5973 /* CustomCell.swift */ = {isa = PBXFileReference; lastKnownFileType = sourcecode.swift; path = CustomCell.swift; sourceTree = "<group>"; };
		6AF503DF2C0DC825008C5973 /* AddViewController.swift */ = {isa = PBXFileReference; lastKnownFileType = sourcecode.swift; path = AddViewController.swift; sourceTree = "<group>"; };
/* End PBXFileReference section */

/* Begin PBXFrameworksBuildPhase section */
		6AF503BB2C0D6BA4008C5973 /* Frameworks */ = {
			isa = PBXFrameworksBuildPhase;
			buildActionMask = 2147483647;
			files = (
				6AF503E32C0DD048008C5973 /* IQKeyboardManagerSwift in Frameworks */,
			);
			runOnlyForDeploymentPostprocessing = 0;
		};
/* End PBXFrameworksBuildPhase section */

/* Begin PBXGroup section */
		6AF503B52C0D6BA4008C5973 = {
			isa = PBXGroup;
			children = (
				6AF503C02C0D6BA4008C5973 /* TODO-APP */,
				6AF503BF2C0D6BA4008C5973 /* Products */,
			);
			sourceTree = "<group>";
		};
		6AF503BF2C0D6BA4008C5973 /* Products */ = {
			isa = PBXGroup;
			children = (
				6AF503BE2C0D6BA4008C5973 /* TODO-APP.app */,
			);
			name = Products;
			sourceTree = "<group>";
		};
		6AF503C02C0D6BA4008C5973 /* TODO-APP */ = {
			isa = PBXGroup;
			children = (
				6AF503C12C0D6BA4008C5973 /* AppDelegate.swift */,
				6AF503C32C0D6BA4008C5973 /* SceneDelegate.swift */,
				6AF503C52C0D6BA4008C5973 /* ViewController.swift */,
				6AF503C72C0D6BA4008C5973 /* Main.storyboard */,
				6AF503CA2C0D6BA6008C5973 /* Assets.xcassets */,
				6AF503CC2C0D6BA6008C5973 /* LaunchScreen.storyboard */,
				6AF503CF2C0D6BA6008C5973 /* Info.plist */,
				6AF503D52C0D7C09008C5973 /* TodoList.swift */,
				6AF503D72C0D7D73008C5973 /* CustomCell.swift */,
				6AF503DF2C0DC825008C5973 /* AddViewController.swift */,
				6A2667152C0EB8680049D20A /* EditViewController.swift */,
			);
			path = "TODO-APP";
			sourceTree = "<group>";
		};
/* End PBXGroup section */

/* Begin PBXNativeTarget section */
		6AF503BD2C0D6BA4008C5973 /* TODO-APP */ = {
			isa = PBXNativeTarget;
			buildConfigurationList = 6AF503D22C0D6BA6008C5973 /* Build configuration list for PBXNativeTarget "TODO-APP" */;
			buildPhases = (
				6AF503BA2C0D6BA4008C5973 /* Sources */,
				6AF503BB2C0D6BA4008C5973 /* Frameworks */,
				6AF503BC2C0D6BA4008C5973 /* Resources */,
			);
			buildRules = (
			);
			dependencies = (
			);
			name = "TODO-APP";
			packageProductDependencies = (
				6AF503E22C0DD048008C5973 /* IQKeyboardManagerSwift */,
			);
			productName = "TODO-APP";
			productReference = 6AF503BE2C0D6BA4008C5973 /* TODO-APP.app */;
			productType = "com.apple.product-type.application";
		};
/* End PBXNativeTarget section */

/* Begin PBXProject section */
		6AF503B62C0D6BA4008C5973 /* Project object */ = {
			isa = PBXProject;
			attributes = {
				BuildIndependentTargetsInParallel = 1;
				LastSwiftUpdateCheck = 1540;
				LastUpgradeCheck = 1540;
				TargetAttributes = {
					6AF503BD2C0D6BA4008C5973 = {
						CreatedOnToolsVersion = 15.4;
					};
				};
			};
			buildConfigurationList = 6AF503B92C0D6BA4008C5973 /* Build configuration list for PBXProject "TODO-APP" */;
			compatibilityVersion = "Xcode 14.0";
			developmentRegion = en;
			hasScannedForEncodings = 0;
			knownRegions = (
				en,
				Base,
			);
			mainGroup = 6AF503B52C0D6BA4008C5973;
			packageReferences = (
				6AF503E12C0DD048008C5973 /* XCRemoteSwiftPackageReference "IQKeyboardManager" */,
			);
			productRefGroup = 6AF503BF2C0D6BA4008C5973 /* Products */;
			projectDirPath = "";
			projectRoot = "";
			targets = (
				6AF503BD2C0D6BA4008C5973 /* TODO-APP */,
			);
		};
/* End PBXProject section */

/* Begin PBXResourcesBuildPhase section */
		6AF503BC2C0D6BA4008C5973 /* Resources */ = {
			isa = PBXResourcesBuildPhase;
			buildActionMask = 2147483647;
			files = (
				6AF503CB2C0D6BA6008C5973 /* Assets.xcassets in Resources */,
				6AF503CE2C0D6BA6008C5973 /* Base in Resources */,
				6AF503C92C0D6BA4008C5973 /* Base in Resources */,
			);
			runOnlyForDeploymentPostprocessing = 0;
		};
/* End PBXResourcesBuildPhase section */

/* Begin PBXSourcesBuildPhase section */
		6AF503BA2C0D6BA4008C5973 /* Sources */ = {
			isa = PBXSourcesBuildPhase;
			buildActionMask = 2147483647;
			files = (
				6AF503C62C0D6BA4008C5973 /* ViewController.swift in Sources */,
				6AF503C22C0D6BA4008C5973 /* AppDelegate.swift in Sources */,
				6AF503E02C0DC825008C5973 /* AddViewController.swift in Sources */,
				6AF503D82C0D7D73008C5973 /* CustomCell.swift in Sources */,
				6AF503C42C0D6BA4008C5973 /* SceneDelegate.swift in Sources */,
				6AF503D62C0D7C09008C5973 /* TodoList.swift in Sources */,
				6A2667162C0EB8680049D20A /* EditViewController.swift in Sources */,
			);
			runOnlyForDeploymentPostprocessing = 0;
		};
/* End PBXSourcesBuildPhase section */

/* Begin PBXVariantGroup section */
		6AF503C72C0D6BA4008C5973 /* Main.storyboard */ = {
			isa = PBXVariantGroup;
			children = (
				6AF503C82C0D6BA4008C5973 /* Base */,
			);
			name = Main.storyboard;
			sourceTree = "<group>";
		};
		6AF503CC2C0D6BA6008C5973 /* LaunchScreen.storyboard */ = {
			isa = PBXVariantGroup;
			children = (
				6AF503CD2C0D6BA6008C5973 /* Base */,
			);
			name = LaunchScreen.storyboard;
			sourceTree = "<group>";
		};
/* End PBXVariantGroup section */

/* Begin XCBuildConfiguration section */
		6AF503D02C0D6BA6008C5973 /* Debug */ = {
			isa = XCBuildConfiguration;
			buildSettings = {
				ALWAYS_SEARCH_USER_PATHS = NO;
				ASSETCATALOG_COMPILER_GENERATE_SWIFT_ASSET_SYMBOL_EXTENSIONS = YES;
				CLANG_ANALYZER_NONNULL = YES;
				CLANG_ANALYZER_NUMBER_OBJECT_CONVERSION = YES_AGGRESSIVE;
				CLANG_CXX_LANGUAGE_STANDARD = "gnu++20";
				CLANG_ENABLE_MODULES = YES;
				CLANG_ENABLE_OBJC_ARC = YES;
				CLANG_ENABLE_OBJC_WEAK = YES;
				CLANG_WARN_BLOCK_CAPTURE_AUTORELEASING = YES;
				CLANG_WARN_BOOL_CONVERSION = YES;
				CLANG_WARN_COMMA = YES;
				CLANG_WARN_CONSTANT_CONVERSION = YES;
				CLANG_WARN_DEPRECATED_OBJC_IMPLEMENTATIONS = YES;
				CLANG_WARN_DIRECT_OBJC_ISA_USAGE = YES_ERROR;
				CLANG_WARN_DOCUMENTATION_COMMENTS = YES;
				CLANG_WARN_EMPTY_BODY = YES;
				CLANG_WARN_ENUM_CONVERSION = YES;
				CLANG_WARN_INFINITE_RECURSION = YES;
				CLANG_WARN_INT_CONVERSION = YES;
				CLANG_WARN_NON_LITERAL_NULL_CONVERSION = YES;
				CLANG_WARN_OBJC_IMPLICIT_RETAIN_SELF = YES;
				CLANG_WARN_OBJC_LITERAL_CONVERSION = YES;
				CLANG_WARN_OBJC_ROOT_CLASS = YES_ERROR;
				CLANG_WARN_QUOTED_INCLUDE_IN_FRAMEWORK_HEADER = YES;
				CLANG_WARN_RANGE_LOOP_ANALYSIS = YES;
				CLANG_WARN_STRICT_PROTOTYPES = YES;
				CLANG_WARN_SUSPICIOUS_MOVE = YES;
				CLANG_WARN_UNGUARDED_AVAILABILITY = YES_AGGRESSIVE;
				CLANG_WARN_UNREACHABLE_CODE = YES;
				CLANG_WARN__DUPLICATE_METHOD_MATCH = YES;
				COPY_PHASE_STRIP = NO;
				DEBUG_INFORMATION_FORMAT = dwarf;
				ENABLE_STRICT_OBJC_MSGSEND = YES;
				ENABLE_TESTABILITY = YES;
				ENABLE_USER_SCRIPT_SANDBOXING = YES;
				GCC_C_LANGUAGE_STANDARD = gnu17;
				GCC_DYNAMIC_NO_PIC = NO;
				GCC_NO_COMMON_BLOCKS = YES;
				GCC_OPTIMIZATION_LEVEL = 0;
				GCC_PREPROCESSOR_DEFINITIONS = (
					"DEBUG=1",
					"$(inherited)",
				);
				GCC_WARN_64_TO_32_BIT_CONVERSION = YES;
				GCC_WARN_ABOUT_RETURN_TYPE = YES_ERROR;
				GCC_WARN_UNDECLARED_SELECTOR = YES;
				GCC_WARN_UNINITIALIZED_AUTOS = YES_AGGRESSIVE;
				GCC_WARN_UNUSED_FUNCTION = YES;
				GCC_WARN_UNUSED_VARIABLE = YES;
				IPHONEOS_DEPLOYMENT_TARGET = 17.5;
				LOCALIZATION_PREFERS_STRING_CATALOGS = YES;
				MTL_ENABLE_DEBUG_INFO = INCLUDE_SOURCE;
				MTL_FAST_MATH = YES;
				ONLY_ACTIVE_ARCH = YES;
				SDKROOT = iphoneos;
				SWIFT_ACTIVE_COMPILATION_CONDITIONS = "DEBUG $(inherited)";
				SWIFT_OPTIMIZATION_LEVEL = "-Onone";
			};
			name = Debug;
		};
		6AF503D12C0D6BA6008C5973 /* Release */ = {
			isa = XCBuildConfiguration;
			buildSettings = {
				ALWAYS_SEARCH_USER_PATHS = NO;
				ASSETCATALOG_COMPILER_GENERATE_SWIFT_ASSET_SYMBOL_EXTENSIONS = YES;
				CLANG_ANALYZER_NONNULL = YES;
				CLANG_ANALYZER_NUMBER_OBJECT_CONVERSION = YES_AGGRESSIVE;
				CLANG_CXX_LANGUAGE_STANDARD = "gnu++20";
				CLANG_ENABLE_MODULES = YES;
				CLANG_ENABLE_OBJC_ARC = YES;
				CLANG_ENABLE_OBJC_WEAK = YES;
				CLANG_WARN_BLOCK_CAPTURE_AUTORELEASING = YES;
				CLANG_WARN_BOOL_CONVERSION = YES;
				CLANG_WARN_COMMA = YES;
				CLANG_WARN_CONSTANT_CONVERSION = YES;
				CLANG_WARN_DEPRECATED_OBJC_IMPLEMENTATIONS = YES;
				CLANG_WARN_DIRECT_OBJC_ISA_USAGE = YES_ERROR;
				CLANG_WARN_DOCUMENTATION_COMMENTS = YES;
				CLANG_WARN_EMPTY_BODY = YES;
				CLANG_WARN_ENUM_CONVERSION = YES;
				CLANG_WARN_INFINITE_RECURSION = YES;
				CLANG_WARN_INT_CONVERSION = YES;
				CLANG_WARN_NON_LITERAL_NULL_CONVERSION = YES;
				CLANG_WARN_OBJC_IMPLICIT_RETAIN_SELF = YES;
				CLANG_WARN_OBJC_LITERAL_CONVERSION = YES;
				CLANG_WARN_OBJC_ROOT_CLASS = YES_ERROR;
				CLANG_WARN_QUOTED_INCLUDE_IN_FRAMEWORK_HEADER = YES;
				CLANG_WARN_RANGE_LOOP_ANALYSIS = YES;
				CLANG_WARN_STRICT_PROTOTYPES = YES;
				CLANG_WARN_SUSPICIOUS_MOVE = YES;
				CLANG_WARN_UNGUARDED_AVAILABILITY = YES_AGGRESSIVE;
				CLANG_WARN_UNREACHABLE_CODE = YES;
				CLANG_WARN__DUPLICATE_METHOD_MATCH = YES;
				COPY_PHASE_STRIP = NO;
				DEBUG_INFORMATION_FORMAT = "dwarf-with-dsym";
				ENABLE_NS_ASSERTIONS = NO;
				ENABLE_STRICT_OBJC_MSGSEND = YES;
				ENABLE_USER_SCRIPT_SANDBOXING = YES;
				GCC_C_LANGUAGE_STANDARD = gnu17;
				GCC_NO_COMMON_BLOCKS = YES;
				GCC_WARN_64_TO_32_BIT_CONVERSION = YES;
				GCC_WARN_ABOUT_RETURN_TYPE = YES_ERROR;
				GCC_WARN_UNDECLARED_SELECTOR = YES;
				GCC_WARN_UNINITIALIZED_AUTOS = YES_AGGRESSIVE;
				GCC_WARN_UNUSED_FUNCTION = YES;
				GCC_WARN_UNUSED_VARIABLE = YES;
				IPHONEOS_DEPLOYMENT_TARGET = 17.5;
				LOCALIZATION_PREFERS_STRING_CATALOGS = YES;
				MTL_ENABLE_DEBUG_INFO = NO;
				MTL_FAST_MATH = YES;
				SDKROOT = iphoneos;
				SWIFT_COMPILATION_MODE = wholemodule;
				VALIDATE_PRODUCT = YES;
			};
			name = Release;
		};
		6AF503D32C0D6BA6008C5973 /* Debug */ = {
			isa = XCBuildConfiguration;
			buildSettings = {
				ASSETCATALOG_COMPILER_APPICON_NAME = AppIcon;
				ASSETCATALOG_COMPILER_GLOBAL_ACCENT_COLOR_NAME = AccentColor;
				CODE_SIGN_STYLE = Automatic;
				CURRENT_PROJECT_VERSION = 1;
				GENERATE_INFOPLIST_FILE = YES;
				INFOPLIST_FILE = "TODO-APP/Info.plist";
				INFOPLIST_KEY_UIApplicationSupportsIndirectInputEvents = YES;
				INFOPLIST_KEY_UILaunchStoryboardName = LaunchScreen;
				INFOPLIST_KEY_UIMainStoryboardFile = Main;
				INFOPLIST_KEY_UISupportedInterfaceOrientations_iPad = "UIInterfaceOrientationPortrait UIInterfaceOrientationPortraitUpsideDown UIInterfaceOrientationLandscapeLeft UIInterfaceOrientationLandscapeRight";
				INFOPLIST_KEY_UISupportedInterfaceOrientations_iPhone = "UIInterfaceOrientationPortrait UIInterfaceOrientationLandscapeLeft UIInterfaceOrientationLandscapeRight";
				LD_RUNPATH_SEARCH_PATHS = (
					"$(inherited)",
					"@executable_path/Frameworks",
				);
				MARKETING_VERSION = 1.0;
				PRODUCT_BUNDLE_IDENTIFIER = "com.ebpearls.TODO-APP";
				PRODUCT_NAME = "$(TARGET_NAME)";
				SWIFT_EMIT_LOC_STRINGS = YES;
				SWIFT_VERSION = 5.0;
				TARGETED_DEVICE_FAMILY = "1,2";
			};
			name = Debug;
		};
		6AF503D42C0D6BA6008C5973 /* Release */ = {
			isa = XCBuildConfiguration;
			buildSettings = {
				ASSETCATALOG_COMPILER_APPICON_NAME = AppIcon;
				ASSETCATALOG_COMPILER_GLOBAL_ACCENT_COLOR_NAME = AccentColor;
				CODE_SIGN_STYLE = Automatic;
				CURRENT_PROJECT_VERSION = 1;
				GENERATE_INFOPLIST_FILE = YES;
				INFOPLIST_FILE = "TODO-APP/Info.plist";
				INFOPLIST_KEY_UIApplicationSupportsIndirectInputEvents = YES;
				INFOPLIST_KEY_UILaunchStoryboardName = LaunchScreen;
				INFOPLIST_KEY_UIMainStoryboardFile = Main;
				INFOPLIST_KEY_UISupportedInterfaceOrientations_iPad = "UIInterfaceOrientationPortrait UIInterfaceOrientationPortraitUpsideDown UIInterfaceOrientationLandscapeLeft UIInterfaceOrientationLandscapeRight";
				INFOPLIST_KEY_UISupportedInterfaceOrientations_iPhone = "UIInterfaceOrientationPortrait UIInterfaceOrientationLandscapeLeft UIInterfaceOrientationLandscapeRight";
				LD_RUNPATH_SEARCH_PATHS = (
					"$(inherited)",
					"@executable_path/Frameworks",
				);
				MARKETING_VERSION = 1.0;
				PRODUCT_BUNDLE_IDENTIFIER = "com.ebpearls.TODO-APP";
				PRODUCT_NAME = "$(TARGET_NAME)";
				SWIFT_EMIT_LOC_STRINGS = YES;
				SWIFT_VERSION = 5.0;
				TARGETED_DEVICE_FAMILY = "1,2";
			};
			name = Release;
		};
/* End XCBuildConfiguration section */

/* Begin XCConfigurationList section */
		6AF503B92C0D6BA4008C5973 /* Build configuration list for PBXProject "TODO-APP" */ = {
			isa = XCConfigurationList;
			buildConfigurations = (
				6AF503D02C0D6BA6008C5973 /* Debug */,
				6AF503D12C0D6BA6008C5973 /* Release */,
			);
			defaultConfigurationIsVisible = 0;
			defaultConfigurationName = Release;
		};
		6AF503D22C0D6BA6008C5973 /* Build configuration list for PBXNativeTarget "TODO-APP" */ = {
			isa = XCConfigurationList;
			buildConfigurations = (
				6AF503D32C0D6BA6008C5973 /* Debug */,
				6AF503D42C0D6BA6008C5973 /* Release */,
			);
			defaultConfigurationIsVisible = 0;
			defaultConfigurationName = Release;
		};
/* End XCConfigurationList section */

/* Begin XCRemoteSwiftPackageReference section */
		6AF503E12C0DD048008C5973 /* XCRemoteSwiftPackageReference "IQKeyboardManager" */ = {
			isa = XCRemoteSwiftPackageReference;
			repositoryURL = "https://github.com/hackiftekhar/IQKeyboardManager";
			requirement = {
				kind = upToNextMajorVersion;
				minimumVersion = 7.0.3;
			};
		};
/* End XCRemoteSwiftPackageReference section */

/* Begin XCSwiftPackageProductDependency section */
		6AF503E22C0DD048008C5973 /* IQKeyboardManagerSwift */ = {
			isa = XCSwiftPackageProductDependency;
			package = 6AF503E12C0DD048008C5973 /* XCRemoteSwiftPackageReference "IQKeyboardManager" */;
			productName = IQKeyboardManagerSwift;
		};
/* End XCSwiftPackageProductDependency section */
	};
	rootObject = 6AF503B62C0D6BA4008C5973 /* Project object */;
}
